// !$*UTF8*$!
{
	archiveVersion = 1;
	classes = {
	};
	objectVersion = 56;
	objects = {

/* Begin PBXBuildFile section */
		C46A1EC029E61C8C00B78990 /* Challenge3App.swift in Sources */ = {isa = PBXBuildFile; fileRef = C46A1EBF29E61C8C00B78990 /* Challenge3App.swift */; };
		C46A1EC229E61C8C00B78990 /* ContentView.swift in Sources */ = {isa = PBXBuildFile; fileRef = C46A1EC129E61C8C00B78990 /* ContentView.swift */; };
		C46A1EC429E61C8D00B78990 /* Assets.xcassets in Resources */ = {isa = PBXBuildFile; fileRef = C46A1EC329E61C8D00B78990 /* Assets.xcassets */; };
		C46A1EC729E61C8D00B78990 /* Preview Assets.xcassets in Resources */ = {isa = PBXBuildFile; fileRef = C46A1EC629E61C8D00B78990 /* Preview Assets.xcassets */; };
		C46A1ECE29E6241500B78990 /* ViewUm.swift in Sources */ = {isa = PBXBuildFile; fileRef = C46A1ECD29E6241500B78990 /* ViewUm.swift */; };
		C46A1ED029E6249900B78990 /* ViewDois.swift in Sources */ = {isa = PBXBuildFile; fileRef = C46A1ECF29E6249900B78990 /* ViewDois.swift */; };
		C46A1ED229E624BE00B78990 /* ViewTres.swift in Sources */ = {isa = PBXBuildFile; fileRef = C46A1ED129E624BE00B78990 /* ViewTres.swift */; };
		C46A1ED429E624D000B78990 /* ViewQuatro.swift in Sources */ = {isa = PBXBuildFile; fileRef = C46A1ED329E624D000B78990 /* ViewQuatro.swift */; };
		C46A1ED629E624E300B78990 /* ViewCinco.swift in Sources */ = {isa = PBXBuildFile; fileRef = C46A1ED529E624E300B78990 /* ViewCinco.swift */; };
		C46A1EE029E635B700B78990 /* SegundaParte.swift in Sources */ = {isa = PBXBuildFile; fileRef = C46A1EDF29E635B700B78990 /* SegundaParte.swift */; };
		C46A1EE229E63D3300B78990 /* Aluno.swift in Sources */ = {isa = PBXBuildFile; fileRef = C46A1EE129E63D3300B78990 /* Aluno.swift */; };
/* End PBXBuildFile section */

/* Begin PBXFileReference section */
		C46A1EBC29E61C8C00B78990 /* Challenge3.app */ = {isa = PBXFileReference; explicitFileType = wrapper.application; includeInIndex = 0; path = Challenge3.app; sourceTree = BUILT_PRODUCTS_DIR; };
		C46A1EBF29E61C8C00B78990 /* Challenge3App.swift */ = {isa = PBXFileReference; lastKnownFileType = sourcecode.swift; path = Challenge3App.swift; sourceTree = "<group>"; };
		C46A1EC129E61C8C00B78990 /* ContentView.swift */ = {isa = PBXFileReference; lastKnownFileType = sourcecode.swift; path = ContentView.swift; sourceTree = "<group>"; };
		C46A1EC329E61C8D00B78990 /* Assets.xcassets */ = {isa = PBXFileReference; lastKnownFileType = folder.assetcatalog; path = Assets.xcassets; sourceTree = "<group>"; };
		C46A1EC629E61C8D00B78990 /* Preview Assets.xcassets */ = {isa = PBXFileReference; lastKnownFileType = folder.assetcatalog; path = "Preview Assets.xcassets"; sourceTree = "<group>"; };
		C46A1ECD29E6241500B78990 /* ViewUm.swift */ = {isa = PBXFileReference; lastKnownFileType = sourcecode.swift; path = ViewUm.swift; sourceTree = "<group>"; };
		C46A1ECF29E6249900B78990 /* ViewDois.swift */ = {isa = PBXFileReference; lastKnownFileType = sourcecode.swift; path = ViewDois.swift; sourceTree = "<group>"; };
		C46A1ED129E624BE00B78990 /* ViewTres.swift */ = {isa = PBXFileReference; lastKnownFileType = sourcecode.swift; path = ViewTres.swift; sourceTree = "<group>"; };
		C46A1ED329E624D000B78990 /* ViewQuatro.swift */ = {isa = PBXFileReference; lastKnownFileType = sourcecode.swift; path = ViewQuatro.swift; sourceTree = "<group>"; };
		C46A1ED529E624E300B78990 /* ViewCinco.swift */ = {isa = PBXFileReference; lastKnownFileType = sourcecode.swift; path = ViewCinco.swift; sourceTree = "<group>"; };
		C46A1EDF29E635B700B78990 /* SegundaParte.swift */ = {isa = PBXFileReference; lastKnownFileType = sourcecode.swift; path = SegundaParte.swift; sourceTree = "<group>"; };
		C46A1EE129E63D3300B78990 /* Aluno.swift */ = {isa = PBXFileReference; lastKnownFileType = sourcecode.swift; path = Aluno.swift; sourceTree = "<group>"; };
/* End PBXFileReference section */

/* Begin PBXFrameworksBuildPhase section */
		C46A1EB929E61C8C00B78990 /* Frameworks */ = {
			isa = PBXFrameworksBuildPhase;
			buildActionMask = 2147483647;
			files = (
			);
			runOnlyForDeploymentPostprocessing = 0;
		};
/* End PBXFrameworksBuildPhase section */

/* Begin PBXGroup section */
		C46A1EB329E61C8C00B78990 = {
			isa = PBXGroup;
			children = (
				C46A1EE129E63D3300B78990 /* Aluno.swift */,
				C46A1EBE29E61C8C00B78990 /* Challenge3 */,
				C46A1EBD29E61C8C00B78990 /* Products */,
			);
			sourceTree = "<group>";
		};
		C46A1EBD29E61C8C00B78990 /* Products */ = {
			isa = PBXGroup;
			children = (
				C46A1EBC29E61C8C00B78990 /* Challenge3.app */,
			);
			name = Products;
			sourceTree = "<group>";
		};
		C46A1EBE29E61C8C00B78990 /* Challenge3 */ = {
			isa = PBXGroup;
			children = (
				C46A1EBF29E61C8C00B78990 /* Challenge3App.swift */,
				C46A1EC129E61C8C00B78990 /* ContentView.swift */,
				C46A1EC329E61C8D00B78990 /* Assets.xcassets */,
				C46A1EC529E61C8D00B78990 /* Preview Content */,
				C46A1ECD29E6241500B78990 /* ViewUm.swift */,
				C46A1ECF29E6249900B78990 /* ViewDois.swift */,
				C46A1ED129E624BE00B78990 /* ViewTres.swift */,
				C46A1ED329E624D000B78990 /* ViewQuatro.swift */,
				C46A1ED529E624E300B78990 /* ViewCinco.swift */,
				C46A1EDF29E635B700B78990 /* SegundaParte.swift */,
			);
			path = Challenge3;
			sourceTree = "<group>";
		};
		C46A1EC529E61C8D00B78990 /* Preview Content */ = {
			isa = PBXGroup;
			children = (
				C46A1EC629E61C8D00B78990 /* Preview Assets.xcassets */,
			);
			path = "Preview Content";
			sourceTree = "<group>";
		};
/* End PBXGroup section */

/* Begin PBXNativeTarget section */
		C46A1EBB29E61C8C00B78990 /* Challenge3 */ = {
			isa = PBXNativeTarget;
			buildConfigurationList = C46A1ECA29E61C8D00B78990 /* Build configuration list for PBXNativeTarget "Challenge3" */;
			buildPhases = (
				C46A1EB829E61C8C00B78990 /* Sources */,
				C46A1EB929E61C8C00B78990 /* Frameworks */,
				C46A1EBA29E61C8C00B78990 /* Resources */,
			);
			buildRules = (
			);
			dependencies = (
			);
			name = Challenge3;
			productName = Challenge3;
			productReference = C46A1EBC29E61C8C00B78990 /* Challenge3.app */;
			productType = "com.apple.product-type.application";
		};
/* End PBXNativeTarget section */

/* Begin PBXProject section */
		C46A1EB429E61C8C00B78990 /* Project object */ = {
			isa = PBXProject;
			attributes = {
				BuildIndependentTargetsInParallel = 1;
				LastSwiftUpdateCheck = 1420;
				LastUpgradeCheck = 1420;
				TargetAttributes = {
					C46A1EBB29E61C8C00B78990 = {
						CreatedOnToolsVersion = 14.2;
					};
				};
			};
			buildConfigurationList = C46A1EB729E61C8C00B78990 /* Build configuration list for PBXProject "Challenge3" */;
			compatibilityVersion = "Xcode 14.0";
			developmentRegion = en;
			hasScannedForEncodings = 0;
			knownRegions = (
				en,
				Base,
			);
			mainGroup = C46A1EB329E61C8C00B78990;
			productRefGroup = C46A1EBD29E61C8C00B78990 /* Products */;
			projectDirPath = "";
			projectRoot = "";
			targets = (
				C46A1EBB29E61C8C00B78990 /* Challenge3 */,
			);
		};
/* End PBXProject section */

/* Begin PBXResourcesBuildPhase section */
		C46A1EBA29E61C8C00B78990 /* Resources */ = {
			isa = PBXResourcesBuildPhase;
			buildActionMask = 2147483647;
			files = (
				C46A1EC729E61C8D00B78990 /* Preview Assets.xcassets in Resources */,
				C46A1EC429E61C8D00B78990 /* Assets.xcassets in Resources */,
			);
			runOnlyForDeploymentPostprocessing = 0;
		};
/* End PBXResourcesBuildPhase section */

/* Begin PBXSourcesBuildPhase section */
		C46A1EB829E61C8C00B78990 /* Sources */ = {
			isa = PBXSourcesBuildPhase;
			buildActionMask = 2147483647;
			files = (
				C46A1EE029E635B700B78990 /* SegundaParte.swift in Sources */,
				C46A1ED429E624D000B78990 /* ViewQuatro.swift in Sources */,
				C46A1EC229E61C8C00B78990 /* ContentView.swift in Sources */,
				C46A1ECE29E6241500B78990 /* ViewUm.swift in Sources */,
				C46A1ED629E624E300B78990 /* ViewCinco.swift in Sources */,
				C46A1EC029E61C8C00B78990 /* Challenge3App.swift in Sources */,
				C46A1EE229E63D3300B78990 /* Aluno.swift in Sources */,
				C46A1ED029E6249900B78990 /* ViewDois.swift in Sources */,
				C46A1ED229E624BE00B78990 /* ViewTres.swift in Sources */,
			);
			runOnlyForDeploymentPostprocessing = 0;
		};
/* End PBXSourcesBuildPhase section */

/* Begin XCBuildConfiguration section */
		C46A1EC829E61C8D00B78990 /* Debug */ = {
			isa = XCBuildConfiguration;
			buildSettings = {
				ALWAYS_SEARCH_USER_PATHS = NO;
				CLANG_ANALYZER_NONNULL = YES;
				CLANG_ANALYZER_NUMBER_OBJECT_CONVERSION = YES_AGGRESSIVE;
				CLANG_CXX_LANGUAGE_STANDARD = "gnu++20";
				CLANG_ENABLE_MODULES = YES;
				CLANG_ENABLE_OBJC_ARC = YES;
				CLANG_ENABLE_OBJC_WEAK = YES;
				CLANG_WARN_BLOCK_CAPTURE_AUTORELEASING = YES;
				CLANG_WARN_BOOL_CONVERSION = YES;
				CLANG_WARN_COMMA = YES;
				CLANG_WARN_CONSTANT_CONVERSION = YES;
				CLANG_WARN_DEPRECATED_OBJC_IMPLEMENTATIONS = YES;
				CLANG_WARN_DIRECT_OBJC_ISA_USAGE = YES_ERROR;
				CLANG_WARN_DOCUMENTATION_COMMENTS = YES;
				CLANG_WARN_EMPTY_BODY = YES;
				CLANG_WARN_ENUM_CONVERSION = YES;
				CLANG_WARN_INFINITE_RECURSION = YES;
				CLANG_WARN_INT_CONVERSION = YES;
				CLANG_WARN_NON_LITERAL_NULL_CONVERSION = YES;
				CLANG_WARN_OBJC_IMPLICIT_RETAIN_SELF = YES;
				CLANG_WARN_OBJC_LITERAL_CONVERSION = YES;
				CLANG_WARN_OBJC_ROOT_CLASS = YES_ERROR;
				CLANG_WARN_QUOTED_INCLUDE_IN_FRAMEWORK_HEADER = YES;
				CLANG_WARN_RANGE_LOOP_ANALYSIS = YES;
				CLANG_WARN_STRICT_PROTOTYPES = YES;
				CLANG_WARN_SUSPICIOUS_MOVE = YES;
				CLANG_WARN_UNGUARDED_AVAILABILITY = YES_AGGRESSIVE;
				CLANG_WARN_UNREACHABLE_CODE = YES;
				CLANG_WARN__DUPLICATE_METHOD_MATCH = YES;
				COPY_PHASE_STRIP = NO;
				DEBUG_INFORMATION_FORMAT = dwarf;
				ENABLE_STRICT_OBJC_MSGSEND = YES;
				ENABLE_TESTABILITY = YES;
				GCC_C_LANGUAGE_STANDARD = gnu11;
				GCC_DYNAMIC_NO_PIC = NO;
				GCC_NO_COMMON_BLOCKS = YES;
				GCC_OPTIMIZATION_LEVEL = 0;
				GCC_PREPROCESSOR_DEFINITIONS = (
					"DEBUG=1",
					"$(inherited)",
				);
				GCC_WARN_64_TO_32_BIT_CONVERSION = YES;
				GCC_WARN_ABOUT_RETURN_TYPE = YES_ERROR;
				GCC_WARN_UNDECLARED_SELECTOR = YES;
				GCC_WARN_UNINITIALIZED_AUTOS = YES_AGGRESSIVE;
				GCC_WARN_UNUSED_FUNCTION = YES;
				GCC_WARN_UNUSED_VARIABLE = YES;
				IPHONEOS_DEPLOYMENT_TARGET = 16.2;
				MTL_ENABLE_DEBUG_INFO = INCLUDE_SOURCE;
				MTL_FAST_MATH = YES;
				ONLY_ACTIVE_ARCH = YES;
				SDKROOT = iphoneos;
				SWIFT_ACTIVE_COMPILATION_CONDITIONS = DEBUG;
				SWIFT_OPTIMIZATION_LEVEL = "-Onone";
			};
			name = Debug;
		};
		C46A1EC929E61C8D00B78990 /* Release */ = {
			isa = XCBuildConfiguration;
			buildSettings = {
				ALWAYS_SEARCH_USER_PATHS = NO;
				CLANG_ANALYZER_NONNULL = YES;
				CLANG_ANALYZER_NUMBER_OBJECT_CONVERSION = YES_AGGRESSIVE;
				CLANG_CXX_LANGUAGE_STANDARD = "gnu++20";
				CLANG_ENABLE_MODULES = YES;
				CLANG_ENABLE_OBJC_ARC = YES;
				CLANG_ENABLE_OBJC_WEAK = YES;
				CLANG_WARN_BLOCK_CAPTURE_AUTORELEASING = YES;
				CLANG_WARN_BOOL_CONVERSION = YES;
				CLANG_WARN_COMMA = YES;
				CLANG_WARN_CONSTANT_CONVERSION = YES;
				CLANG_WARN_DEPRECATED_OBJC_IMPLEMENTATIONS = YES;
				CLANG_WARN_DIRECT_OBJC_ISA_USAGE = YES_ERROR;
				CLANG_WARN_DOCUMENTATION_COMMENTS = YES;
				CLANG_WARN_EMPTY_BODY = YES;
				CLANG_WARN_ENUM_CONVERSION = YES;
				CLANG_WARN_INFINITE_RECURSION = YES;
				CLANG_WARN_INT_CONVERSION = YES;
				CLANG_WARN_NON_LITERAL_NULL_CONVERSION = YES;
				CLANG_WARN_OBJC_IMPLICIT_RETAIN_SELF = YES;
				CLANG_WARN_OBJC_LITERAL_CONVERSION = YES;
				CLANG_WARN_OBJC_ROOT_CLASS = YES_ERROR;
				CLANG_WARN_QUOTED_INCLUDE_IN_FRAMEWORK_HEADER = YES;
				CLANG_WARN_RANGE_LOOP_ANALYSIS = YES;
				CLANG_WARN_STRICT_PROTOTYPES = YES;
				CLANG_WARN_SUSPICIOUS_MOVE = YES;
				CLANG_WARN_UNGUARDED_AVAILABILITY = YES_AGGRESSIVE;
				CLANG_WARN_UNREACHABLE_CODE = YES;
				CLANG_WARN__DUPLICATE_METHOD_MATCH = YES;
				COPY_PHASE_STRIP = NO;
				DEBUG_INFORMATION_FORMAT = "dwarf-with-dsym";
				ENABLE_NS_ASSERTIONS = NO;
				ENABLE_STRICT_OBJC_MSGSEND = YES;
				GCC_C_LANGUAGE_STANDARD = gnu11;
				GCC_NO_COMMON_BLOCKS = YES;
				GCC_WARN_64_TO_32_BIT_CONVERSION = YES;
				GCC_WARN_ABOUT_RETURN_TYPE = YES_ERROR;
				GCC_WARN_UNDECLARED_SELECTOR = YES;
				GCC_WARN_UNINITIALIZED_AUTOS = YES_AGGRESSIVE;
				GCC_WARN_UNUSED_FUNCTION = YES;
				GCC_WARN_UNUSED_VARIABLE = YES;
				IPHONEOS_DEPLOYMENT_TARGET = 16.2;
				MTL_ENABLE_DEBUG_INFO = NO;
				MTL_FAST_MATH = YES;
				SDKROOT = iphoneos;
				SWIFT_COMPILATION_MODE = wholemodule;
				SWIFT_OPTIMIZATION_LEVEL = "-O";
				VALIDATE_PRODUCT = YES;
			};
			name = Release;
		};
		C46A1ECB29E61C8D00B78990 /* Debug */ = {
			isa = XCBuildConfiguration;
			buildSettings = {
				ASSETCATALOG_COMPILER_APPICON_NAME = AppIcon;
				ASSETCATALOG_COMPILER_GLOBAL_ACCENT_COLOR_NAME = AccentColor;
				CODE_SIGN_STYLE = Automatic;
				CURRENT_PROJECT_VERSION = 1;
				DEVELOPMENT_ASSET_PATHS = "\"Challenge3/Preview Content\"";
				ENABLE_PREVIEWS = YES;
				GENERATE_INFOPLIST_FILE = YES;
				INFOPLIST_KEY_UIApplicationSceneManifest_Generation = YES;
				INFOPLIST_KEY_UIApplicationSupportsIndirectInputEvents = YES;
				INFOPLIST_KEY_UILaunchScreen_Generation = YES;
				INFOPLIST_KEY_UISupportedInterfaceOrientations_iPad = "UIInterfaceOrientationPortrait UIInterfaceOrientationPortraitUpsideDown UIInterfaceOrientationLandscapeLeft UIInterfaceOrientationLandscapeRight";
				INFOPLIST_KEY_UISupportedInterfaceOrientations_iPhone = "UIInterfaceOrientationPortrait UIInterfaceOrientationLandscapeLeft UIInterfaceOrientationLandscapeRight";
				LD_RUNPATH_SEARCH_PATHS = (
					"$(inherited)",
					"@executable_path/Frameworks",
				);
				MARKETING_VERSION = 1.0;
				PRODUCT_BUNDLE_IDENTIFIER = com.br.nateba.Challenge3;
				PRODUCT_NAME = "$(TARGET_NAME)";
				SWIFT_EMIT_LOC_STRINGS = YES;
				SWIFT_VERSION = 5.0;
				TARGETED_DEVICE_FAMILY = "1,2";
			};
			name = Debug;
		};
		C46A1ECC29E61C8D00B78990 /* Release */ = {
			isa = XCBuildConfiguration;
			buildSettings = {
				ASSETCATALOG_COMPILER_APPICON_NAME = AppIcon;
				ASSETCATALOG_COMPILER_GLOBAL_ACCENT_COLOR_NAME = AccentColor;
				CODE_SIGN_STYLE = Automatic;
				CURRENT_PROJECT_VERSION = 1;
				DEVELOPMENT_ASSET_PATHS = "\"Challenge3/Preview Content\"";
				ENABLE_PREVIEWS = YES;
				GENERATE_INFOPLIST_FILE = YES;
				INFOPLIST_KEY_UIApplicationSceneManifest_Generation = YES;
				INFOPLIST_KEY_UIApplicationSupportsIndirectInputEvents = YES;
				INFOPLIST_KEY_UILaunchScreen_Generation = YES;
				INFOPLIST_KEY_UISupportedInterfaceOrientations_iPad = "UIInterfaceOrientationPortrait UIInterfaceOrientationPortraitUpsideDown UIInterfaceOrientationLandscapeLeft UIInterfaceOrientationLandscapeRight";
				INFOPLIST_KEY_UISupportedInterfaceOrientations_iPhone = "UIInterfaceOrientationPortrait UIInterfaceOrientationLandscapeLeft UIInterfaceOrientationLandscapeRight";
				LD_RUNPATH_SEARCH_PATHS = (
					"$(inherited)",
					"@executable_path/Frameworks",
				);
				MARKETING_VERSION = 1.0;
				PRODUCT_BUNDLE_IDENTIFIER = com.br.nateba.Challenge3;
				PRODUCT_NAME = "$(TARGET_NAME)";
				SWIFT_EMIT_LOC_STRINGS = YES;
				SWIFT_VERSION = 5.0;
				TARGETED_DEVICE_FAMILY = "1,2";
			};
			name = Release;
		};
/* End XCBuildConfiguration section */

/* Begin XCConfigurationList section */
		C46A1EB729E61C8C00B78990 /* Build configuration list for PBXProject "Challenge3" */ = {
			isa = XCConfigurationList;
			buildConfigurations = (
				C46A1EC829E61C8D00B78990 /* Debug */,
				C46A1EC929E61C8D00B78990 /* Release */,
			);
			defaultConfigurationIsVisible = 0;
			defaultConfigurationName = Release;
		};
		C46A1ECA29E61C8D00B78990 /* Build configuration list for PBXNativeTarget "Challenge3" */ = {
			isa = XCConfigurationList;
			buildConfigurations = (
				C46A1ECB29E61C8D00B78990 /* Debug */,
				C46A1ECC29E61C8D00B78990 /* Release */,
			);
			defaultConfigurationIsVisible = 0;
			defaultConfigurationName = Release;
		};
/* End XCConfigurationList section */
	};
	rootObject = C46A1EB429E61C8C00B78990 /* Project object */;
}
